// !$*UTF8*$!
{
	archiveVersion = 1;
	classes = {
	};
	objectVersion = 46;
	objects = {

/* Begin PBXBuildFile section */
		5917A604189AC29200047F39 /* Audio_Basic.h in Headers */ = {isa = PBXBuildFile; fileRef = 5917A5FF189AC29200047F39 /* Audio_Basic.h */; };
		5917A605189AC29200047F39 /* Audio_Basic.h in Headers */ = {isa = PBXBuildFile; fileRef = 5917A5FF189AC29200047F39 /* Audio_Basic.h */; };
		5917A606189AC29200047F39 /* Audio_Basic.h in Headers */ = {isa = PBXBuildFile; fileRef = 5917A5FF189AC29200047F39 /* Audio_Basic.h */; };
		5917A607189AC29200047F39 /* Audio_Darwin.h in Headers */ = {isa = PBXBuildFile; fileRef = 5917A600189AC29200047F39 /* Audio_Darwin.h */; };
		5917A608189AC29200047F39 /* Audio_Darwin.h in Headers */ = {isa = PBXBuildFile; fileRef = 5917A600189AC29200047F39 /* Audio_Darwin.h */; };
		5917A609189AC29200047F39 /* Audio_Darwin.h in Headers */ = {isa = PBXBuildFile; fileRef = 5917A600189AC29200047F39 /* Audio_Darwin.h */; };
		5917A60A189AC29200047F39 /* Audio_Neon.h in Headers */ = {isa = PBXBuildFile; fileRef = 5917A601189AC29200047F39 /* Audio_Neon.h */; };
		5917A60B189AC29200047F39 /* Audio_Neon.h in Headers */ = {isa = PBXBuildFile; fileRef = 5917A601189AC29200047F39 /* Audio_Neon.h */; };
		5917A60C189AC29200047F39 /* Audio_Neon.h in Headers */ = {isa = PBXBuildFile; fileRef = 5917A601189AC29200047F39 /* Audio_Neon.h */; };
		5917A60D189AC29200047F39 /* AudioTools.h in Headers */ = {isa = PBXBuildFile; fileRef = 5917A602189AC29200047F39 /* AudioTools.h */; };
		5917A60E189AC29200047F39 /* AudioTools.h in Headers */ = {isa = PBXBuildFile; fileRef = 5917A602189AC29200047F39 /* AudioTools.h */; };
		5917A60F189AC29200047F39 /* AudioTools.h in Headers */ = {isa = PBXBuildFile; fileRef = 5917A602189AC29200047F39 /* AudioTools.h */; };
		5917A610189AC29200047F39 /* FloatComputation.h in Headers */ = {isa = PBXBuildFile; fileRef = 5917A603189AC29200047F39 /* FloatComputation.h */; };
		5917A611189AC29200047F39 /* FloatComputation.h in Headers */ = {isa = PBXBuildFile; fileRef = 5917A603189AC29200047F39 /* FloatComputation.h */; };
		5917A612189AC29200047F39 /* FloatComputation.h in Headers */ = {isa = PBXBuildFile; fileRef = 5917A603189AC29200047F39 /* FloatComputation.h */; };
		5917A617189AC29F00047F39 /* Binaural.cpp in Sources */ = {isa = PBXBuildFile; fileRef = 5917A613189AC29F00047F39 /* Binaural.cpp */; };
		5917A618189AC29F00047F39 /* Binaural.h in Headers */ = {isa = PBXBuildFile; fileRef = 5917A614189AC29F00047F39 /* Binaural.h */; };
		5917A619189AC29F00047F39 /* BinauralUtility.cpp in Sources */ = {isa = PBXBuildFile; fileRef = 5917A615189AC29F00047F39 /* BinauralUtility.cpp */; };
		5917A61A189AC29F00047F39 /* BinauralUtility.h in Headers */ = {isa = PBXBuildFile; fileRef = 5917A616189AC29F00047F39 /* BinauralUtility.h */; };
		5917A61E189AC2AF00047F39 /* Ambisonic.h in Headers */ = {isa = PBXBuildFile; fileRef = 5917A61B189AC2AF00047F39 /* Ambisonic.h */; };
		5917A61F189AC2AF00047F39 /* Ambisonic.h in Headers */ = {isa = PBXBuildFile; fileRef = 5917A61B189AC2AF00047F39 /* Ambisonic.h */; };
		5917A620189AC2AF00047F39 /* AmbisonicUtility.cpp in Sources */ = {isa = PBXBuildFile; fileRef = 5917A61C189AC2AF00047F39 /* AmbisonicUtility.cpp */; };
		5917A621189AC2AF00047F39 /* AmbisonicUtility.cpp in Sources */ = {isa = PBXBuildFile; fileRef = 5917A61C189AC2AF00047F39 /* AmbisonicUtility.cpp */; };
		5917A622189AC2AF00047F39 /* AmbisonicUtility.h in Headers */ = {isa = PBXBuildFile; fileRef = 5917A61D189AC2AF00047F39 /* AmbisonicUtility.h */; };
		5917A623189AC2AF00047F39 /* AmbisonicUtility.h in Headers */ = {isa = PBXBuildFile; fileRef = 5917A61D189AC2AF00047F39 /* AmbisonicUtility.h */; };
		5938485918D7722B00267F32 /* AudioInternals.cpp in Sources */ = {isa = PBXBuildFile; fileRef = 59B07A9E18D6E06600288B59 /* AudioInternals.cpp */; };
		5938485A18D7722B00267F32 /* AudioInternals.cpp in Sources */ = {isa = PBXBuildFile; fileRef = 59B07A9E18D6E06600288B59 /* AudioInternals.cpp */; };
		5938485B18D7722C00267F32 /* AudioInternals.cpp in Sources */ = {isa = PBXBuildFile; fileRef = 59B07A9E18D6E06600288B59 /* AudioInternals.cpp */; };
		5938486418D7768A00267F32 /* Binaural.cpp in Sources */ = {isa = PBXBuildFile; fileRef = 5917A613189AC29F00047F39 /* Binaural.cpp */; };
		5938486518D7768A00267F32 /* BinauralUtility.cpp in Sources */ = {isa = PBXBuildFile; fileRef = 5917A615189AC29F00047F39 /* BinauralUtility.cpp */; };
		5938486618D7768A00267F32 /* WavLoader.cpp in Sources */ = {isa = PBXBuildFile; fileRef = 59DA84FF189BA3E4007699EC /* WavLoader.cpp */; };
		5938486718D7768A00267F32 /* AudioInternals.cpp in Sources */ = {isa = PBXBuildFile; fileRef = 59B07A9E18D6E06600288B59 /* AudioInternals.cpp */; };
		5938486B18D7768A00267F32 /* Audio_Basic.h in Headers */ = {isa = PBXBuildFile; fileRef = 5917A5FF189AC29200047F39 /* Audio_Basic.h */; };
		5938486C18D7768A00267F32 /* Audio_Darwin.h in Headers */ = {isa = PBXBuildFile; fileRef = 5917A600189AC29200047F39 /* Audio_Darwin.h */; };
		5938486D18D7768A00267F32 /* Audio_Neon.h in Headers */ = {isa = PBXBuildFile; fileRef = 5917A601189AC29200047F39 /* Audio_Neon.h */; };
		5938486E18D7768A00267F32 /* AudioTools.h in Headers */ = {isa = PBXBuildFile; fileRef = 5917A602189AC29200047F39 /* AudioTools.h */; };
		5938486F18D7768A00267F32 /* FloatComputation.h in Headers */ = {isa = PBXBuildFile; fileRef = 5917A603189AC29200047F39 /* FloatComputation.h */; };
		5938487018D7768A00267F32 /* Binaural.h in Headers */ = {isa = PBXBuildFile; fileRef = 5917A614189AC29F00047F39 /* Binaural.h */; };
		5938487118D7768A00267F32 /* BinauralUtility.h in Headers */ = {isa = PBXBuildFile; fileRef = 5917A616189AC29F00047F39 /* BinauralUtility.h */; };
		5938487718D7797E00267F32 /* AmbisonicUtility.cpp in Sources */ = {isa = PBXBuildFile; fileRef = 5917A61C189AC2AF00047F39 /* AmbisonicUtility.cpp */; };
		593EA73B18ED6F2000F909F9 /* AmbisonicReverb.cpp in Sources */ = {isa = PBXBuildFile; fileRef = 593EA73918ED6F2000F909F9 /* AmbisonicReverb.cpp */; };
		593EA73C18ED6F2000F909F9 /* AmbisonicReverb.cpp in Sources */ = {isa = PBXBuildFile; fileRef = 593EA73918ED6F2000F909F9 /* AmbisonicReverb.cpp */; };
		593EA74018ED6F2000F909F9 /* AmbisonicReverb.h in Headers */ = {isa = PBXBuildFile; fileRef = 593EA73A18ED6F2000F909F9 /* AmbisonicReverb.h */; };
		593EA74118ED6F2000F909F9 /* AmbisonicReverb.h in Headers */ = {isa = PBXBuildFile; fileRef = 593EA73A18ED6F2000F909F9 /* AmbisonicReverb.h */; };
		593EA74918ED7BF900F909F9 /* AmbisonicUtility.cpp in Sources */ = {isa = PBXBuildFile; fileRef = 5917A61C189AC2AF00047F39 /* AmbisonicUtility.cpp */; };
		593EA74B18ED7BF900F909F9 /* AudioInternals.cpp in Sources */ = {isa = PBXBuildFile; fileRef = 59B07A9E18D6E06600288B59 /* AudioInternals.cpp */; };
		593EA74C18ED7BF900F909F9 /* AmbisonicReverb.cpp in Sources */ = {isa = PBXBuildFile; fileRef = 593EA73918ED6F2000F909F9 /* AmbisonicReverb.cpp */; };
		593EA74F18ED7BF900F909F9 /* Audio_Basic.h in Headers */ = {isa = PBXBuildFile; fileRef = 5917A5FF189AC29200047F39 /* Audio_Basic.h */; };
		593EA75018ED7BF900F909F9 /* Audio_Darwin.h in Headers */ = {isa = PBXBuildFile; fileRef = 5917A600189AC29200047F39 /* Audio_Darwin.h */; };
		593EA75118ED7BF900F909F9 /* Audio_Neon.h in Headers */ = {isa = PBXBuildFile; fileRef = 5917A601189AC29200047F39 /* Audio_Neon.h */; };
		593EA75218ED7BF900F909F9 /* AudioTools.h in Headers */ = {isa = PBXBuildFile; fileRef = 5917A602189AC29200047F39 /* AudioTools.h */; };
		593EA75318ED7BF900F909F9 /* FloatComputation.h in Headers */ = {isa = PBXBuildFile; fileRef = 5917A603189AC29200047F39 /* FloatComputation.h */; };
		593EA75418ED7BF900F909F9 /* Ambisonic.h in Headers */ = {isa = PBXBuildFile; fileRef = 5917A61B189AC2AF00047F39 /* Ambisonic.h */; };
		593EA75518ED7BF900F909F9 /* AmbisonicUtility.h in Headers */ = {isa = PBXBuildFile; fileRef = 5917A61D189AC2AF00047F39 /* AmbisonicUtility.h */; };
		593EA75618ED7BF900F909F9 /* Internal.h in Headers */ = {isa = PBXBuildFile; fileRef = 59B07A9A18D6DB3800288B59 /* Internal.h */; };
		593EA75718ED7BF900F909F9 /* AudioInternals.h in Headers */ = {isa = PBXBuildFile; fileRef = 59B07A9F18D6E06600288B59 /* AudioInternals.h */; };
		593EA75818ED7BF900F909F9 /* Geometry.h in Headers */ = {isa = PBXBuildFile; fileRef = 59E387CF18ECB6040079EECE /* Geometry.h */; };
		593EA75918ED7BF900F909F9 /* AmbisonicReverb.h in Headers */ = {isa = PBXBuildFile; fileRef = 593EA73A18ED6F2000F909F9 /* AmbisonicReverb.h */; };
		593EA75E18ED7C6100F909F9 /* Ambisonic.h in Headers */ = {isa = PBXBuildFile; fileRef = 5917A61B189AC2AF00047F39 /* Ambisonic.h */; };
		593EA75F18ED7C7600F909F9 /* AmbisonicUtility.h in Headers */ = {isa = PBXBuildFile; fileRef = 5917A61D189AC2AF00047F39 /* AmbisonicUtility.h */; };
		595DEE6218F58D5600E1B74A /* AmbisonicUtility.cpp in Sources */ = {isa = PBXBuildFile; fileRef = 5917A61C189AC2AF00047F39 /* AmbisonicUtility.cpp */; };
		595DEE6418F58D5600E1B74A /* AudioInternals.cpp in Sources */ = {isa = PBXBuildFile; fileRef = 59B07A9E18D6E06600288B59 /* AudioInternals.cpp */; };
		595DEE6518F58D5600E1B74A /* AmbisonicReverb.cpp in Sources */ = {isa = PBXBuildFile; fileRef = 593EA73918ED6F2000F909F9 /* AmbisonicReverb.cpp */; };
		595DEE6918F58D5600E1B74A /* Audio_Basic.h in Headers */ = {isa = PBXBuildFile; fileRef = 5917A5FF189AC29200047F39 /* Audio_Basic.h */; };
		595DEE6A18F58D5600E1B74A /* Audio_Darwin.h in Headers */ = {isa = PBXBuildFile; fileRef = 5917A600189AC29200047F39 /* Audio_Darwin.h */; };
		595DEE6B18F58D5600E1B74A /* Audio_Neon.h in Headers */ = {isa = PBXBuildFile; fileRef = 5917A601189AC29200047F39 /* Audio_Neon.h */; };
		595DEE6C18F58D5600E1B74A /* AudioTools.h in Headers */ = {isa = PBXBuildFile; fileRef = 5917A602189AC29200047F39 /* AudioTools.h */; };
		595DEE6D18F58D5600E1B74A /* FloatComputation.h in Headers */ = {isa = PBXBuildFile; fileRef = 5917A603189AC29200047F39 /* FloatComputation.h */; };
		595DEE6E18F58D5600E1B74A /* Ambisonic.h in Headers */ = {isa = PBXBuildFile; fileRef = 5917A61B189AC2AF00047F39 /* Ambisonic.h */; };
		595DEE6F18F58D5600E1B74A /* AmbisonicUtility.h in Headers */ = {isa = PBXBuildFile; fileRef = 5917A61D189AC2AF00047F39 /* AmbisonicUtility.h */; };
		595DEE7018F58D5600E1B74A /* Internal.h in Headers */ = {isa = PBXBuildFile; fileRef = 59B07A9A18D6DB3800288B59 /* Internal.h */; };
		595DEE7118F58D5600E1B74A /* AudioInternals.h in Headers */ = {isa = PBXBuildFile; fileRef = 59B07A9F18D6E06600288B59 /* AudioInternals.h */; };
		595DEE7218F58D5600E1B74A /* Geometry.h in Headers */ = {isa = PBXBuildFile; fileRef = 59E387CF18ECB6040079EECE /* Geometry.h */; };
		595DEE7318F58D5600E1B74A /* AmbisonicReverb.h in Headers */ = {isa = PBXBuildFile; fileRef = 593EA73A18ED6F2000F909F9 /* AmbisonicReverb.h */; };
		595DEE7F18F58F5400E1B74A /* Binaural.cpp in Sources */ = {isa = PBXBuildFile; fileRef = 5917A613189AC29F00047F39 /* Binaural.cpp */; };
		595DEE8018F58F5700E1B74A /* BinauralUtility.cpp in Sources */ = {isa = PBXBuildFile; fileRef = 5917A615189AC29F00047F39 /* BinauralUtility.cpp */; };
		595DEE8618F58F8B00E1B74A /* WavLoader.cpp in Sources */ = {isa = PBXBuildFile; fileRef = 59DA84FF189BA3E4007699EC /* WavLoader.cpp */; };
		5965D605190172AC00ECA8D2 /* GrandMaster.cpp in Sources */ = {isa = PBXBuildFile; fileRef = 5965D603190172AC00ECA8D2 /* GrandMaster.cpp */; };
		5965D606190172AC00ECA8D2 /* GrandMaster.cpp in Sources */ = {isa = PBXBuildFile; fileRef = 5965D603190172AC00ECA8D2 /* GrandMaster.cpp */; };
		5965D607190172AC00ECA8D2 /* GrandMaster.cpp in Sources */ = {isa = PBXBuildFile; fileRef = 5965D603190172AC00ECA8D2 /* GrandMaster.cpp */; };
		5965D608190172AC00ECA8D2 /* GrandMaster.cpp in Sources */ = {isa = PBXBuildFile; fileRef = 5965D603190172AC00ECA8D2 /* GrandMaster.cpp */; };
		5965D609190172AC00ECA8D2 /* GrandMaster.cpp in Sources */ = {isa = PBXBuildFile; fileRef = 5965D603190172AC00ECA8D2 /* GrandMaster.cpp */; };
		5965D60A190172AC00ECA8D2 /* GrandMaster.cpp in Sources */ = {isa = PBXBuildFile; fileRef = 5965D603190172AC00ECA8D2 /* GrandMaster.cpp */; };
		5965D60B190172AC00ECA8D2 /* GrandMaster.cpp in Sources */ = {isa = PBXBuildFile; fileRef = 5965D603190172AC00ECA8D2 /* GrandMaster.cpp */; };
		5965D60C190172AC00ECA8D2 /* GrandMaster.h in Headers */ = {isa = PBXBuildFile; fileRef = 5965D604190172AC00ECA8D2 /* GrandMaster.h */; };
		5965D60D190172AC00ECA8D2 /* GrandMaster.h in Headers */ = {isa = PBXBuildFile; fileRef = 5965D604190172AC00ECA8D2 /* GrandMaster.h */; };
		5965D60E190172AC00ECA8D2 /* GrandMaster.h in Headers */ = {isa = PBXBuildFile; fileRef = 5965D604190172AC00ECA8D2 /* GrandMaster.h */; };
		5965D60F190172AC00ECA8D2 /* GrandMaster.h in Headers */ = {isa = PBXBuildFile; fileRef = 5965D604190172AC00ECA8D2 /* GrandMaster.h */; };
		5965D610190172AC00ECA8D2 /* GrandMaster.h in Headers */ = {isa = PBXBuildFile; fileRef = 5965D604190172AC00ECA8D2 /* GrandMaster.h */; };
		5965D611190172AC00ECA8D2 /* GrandMaster.h in Headers */ = {isa = PBXBuildFile; fileRef = 5965D604190172AC00ECA8D2 /* GrandMaster.h */; };
		5965D612190172AC00ECA8D2 /* GrandMaster.h in Headers */ = {isa = PBXBuildFile; fileRef = 5965D604190172AC00ECA8D2 /* GrandMaster.h */; };
		5965D61D1901826B00ECA8D2 /* AmbisonicRotation.cpp in Sources */ = {isa = PBXBuildFile; fileRef = 5965D6141901826B00ECA8D2 /* AmbisonicRotation.cpp */; };
		5965D61E1901826B00ECA8D2 /* AmbisonicRotation.cpp in Sources */ = {isa = PBXBuildFile; fileRef = 5965D6141901826B00ECA8D2 /* AmbisonicRotation.cpp */; };
		5965D61F1901826B00ECA8D2 /* AmbisonicRotation.cpp in Sources */ = {isa = PBXBuildFile; fileRef = 5965D6141901826B00ECA8D2 /* AmbisonicRotation.cpp */; };
		5965D6201901826B00ECA8D2 /* AmbisonicRotation.cpp in Sources */ = {isa = PBXBuildFile; fileRef = 5965D6141901826B00ECA8D2 /* AmbisonicRotation.cpp */; };
		5965D6211901826B00ECA8D2 /* AmbisonicRotation.cpp in Sources */ = {isa = PBXBuildFile; fileRef = 5965D6141901826B00ECA8D2 /* AmbisonicRotation.cpp */; };
		5965D6221901826B00ECA8D2 /* AmbisonicRotation.cpp in Sources */ = {isa = PBXBuildFile; fileRef = 5965D6141901826B00ECA8D2 /* AmbisonicRotation.cpp */; };
		5965D6231901826B00ECA8D2 /* AmbisonicRotation.cpp in Sources */ = {isa = PBXBuildFile; fileRef = 5965D6141901826B00ECA8D2 /* AmbisonicRotation.cpp */; };
		5965D6241901826B00ECA8D2 /* AmbisonicRotation.h in Headers */ = {isa = PBXBuildFile; fileRef = 5965D6151901826B00ECA8D2 /* AmbisonicRotation.h */; };
		5965D6251901826B00ECA8D2 /* AmbisonicRotation.h in Headers */ = {isa = PBXBuildFile; fileRef = 5965D6151901826B00ECA8D2 /* AmbisonicRotation.h */; };
		5965D6261901826B00ECA8D2 /* AmbisonicRotation.h in Headers */ = {isa = PBXBuildFile; fileRef = 5965D6151901826B00ECA8D2 /* AmbisonicRotation.h */; };
		5965D6271901826B00ECA8D2 /* AmbisonicRotation.h in Headers */ = {isa = PBXBuildFile; fileRef = 5965D6151901826B00ECA8D2 /* AmbisonicRotation.h */; };
		5965D6281901826B00ECA8D2 /* AmbisonicRotation.h in Headers */ = {isa = PBXBuildFile; fileRef = 5965D6151901826B00ECA8D2 /* AmbisonicRotation.h */; };
		5965D6291901826B00ECA8D2 /* AmbisonicRotation.h in Headers */ = {isa = PBXBuildFile; fileRef = 5965D6151901826B00ECA8D2 /* AmbisonicRotation.h */; };
		5965D62A1901826B00ECA8D2 /* AmbisonicRotation.h in Headers */ = {isa = PBXBuildFile; fileRef = 5965D6151901826B00ECA8D2 /* AmbisonicRotation.h */; };
		5965D645190182DC00ECA8D2 /* binaural~.cpp in Sources */ = {isa = PBXBuildFile; fileRef = 5965D62E190182DC00ECA8D2 /* binaural~.cpp */; };
		5965D646190182DC00ECA8D2 /* binaural~.cpp in Sources */ = {isa = PBXBuildFile; fileRef = 5965D62E190182DC00ECA8D2 /* binaural~.cpp */; };
		5965D647190182DC00ECA8D2 /* binaural~.cpp in Sources */ = {isa = PBXBuildFile; fileRef = 5965D62E190182DC00ECA8D2 /* binaural~.cpp */; };
		5965D648190182DC00ECA8D2 /* binaural~.cpp in Sources */ = {isa = PBXBuildFile; fileRef = 5965D62E190182DC00ECA8D2 /* binaural~.cpp */; };
		5965D649190182DC00ECA8D2 /* binaural~.cpp in Sources */ = {isa = PBXBuildFile; fileRef = 5965D62E190182DC00ECA8D2 /* binaural~.cpp */; };
		5965D64A190182DC00ECA8D2 /* binaural~.cpp in Sources */ = {isa = PBXBuildFile; fileRef = 5965D62E190182DC00ECA8D2 /* binaural~.cpp */; };
		5965D64B190182DC00ECA8D2 /* binaural~.cpp in Sources */ = {isa = PBXBuildFile; fileRef = 5965D62E190182DC00ECA8D2 /* binaural~.cpp */; };
		5965D64C190182DC00ECA8D2 /* Debug_pd.h in Headers */ = {isa = PBXBuildFile; fileRef = 5965D62F190182DC00ECA8D2 /* Debug_pd.h */; };
		5965D64D190182DC00ECA8D2 /* Debug_pd.h in Headers */ = {isa = PBXBuildFile; fileRef = 5965D62F190182DC00ECA8D2 /* Debug_pd.h */; };
		5965D64E190182DC00ECA8D2 /* Debug_pd.h in Headers */ = {isa = PBXBuildFile; fileRef = 5965D62F190182DC00ECA8D2 /* Debug_pd.h */; };
		5965D64F190182DC00ECA8D2 /* Debug_pd.h in Headers */ = {isa = PBXBuildFile; fileRef = 5965D62F190182DC00ECA8D2 /* Debug_pd.h */; };
		5965D650190182DC00ECA8D2 /* Debug_pd.h in Headers */ = {isa = PBXBuildFile; fileRef = 5965D62F190182DC00ECA8D2 /* Debug_pd.h */; };
		5965D651190182DC00ECA8D2 /* Debug_pd.h in Headers */ = {isa = PBXBuildFile; fileRef = 5965D62F190182DC00ECA8D2 /* Debug_pd.h */; };
		5965D652190182DC00ECA8D2 /* Debug_pd.h in Headers */ = {isa = PBXBuildFile; fileRef = 5965D62F190182DC00ECA8D2 /* Debug_pd.h */; };
		5965D653190182DC00ECA8D2 /* decoder~.cpp in Sources */ = {isa = PBXBuildFile; fileRef = 5965D630190182DC00ECA8D2 /* decoder~.cpp */; };
		5965D654190182DC00ECA8D2 /* decoder~.cpp in Sources */ = {isa = PBXBuildFile; fileRef = 5965D630190182DC00ECA8D2 /* decoder~.cpp */; };
		5965D655190182DC00ECA8D2 /* decoder~.cpp in Sources */ = {isa = PBXBuildFile; fileRef = 5965D630190182DC00ECA8D2 /* decoder~.cpp */; };
		5965D656190182DC00ECA8D2 /* decoder~.cpp in Sources */ = {isa = PBXBuildFile; fileRef = 5965D630190182DC00ECA8D2 /* decoder~.cpp */; };
		5965D657190182DC00ECA8D2 /* decoder~.cpp in Sources */ = {isa = PBXBuildFile; fileRef = 5965D630190182DC00ECA8D2 /* decoder~.cpp */; };
		5965D658190182DC00ECA8D2 /* decoder~.cpp in Sources */ = {isa = PBXBuildFile; fileRef = 5965D630190182DC00ECA8D2 /* decoder~.cpp */; };
		5965D659190182DC00ECA8D2 /* decoder~.cpp in Sources */ = {isa = PBXBuildFile; fileRef = 5965D630190182DC00ECA8D2 /* decoder~.cpp */; };
		5965D65A190182DC00ECA8D2 /* encoder~.cpp in Sources */ = {isa = PBXBuildFile; fileRef = 5965D631190182DC00ECA8D2 /* encoder~.cpp */; };
		5965D65B190182DC00ECA8D2 /* encoder~.cpp in Sources */ = {isa = PBXBuildFile; fileRef = 5965D631190182DC00ECA8D2 /* encoder~.cpp */; };
		5965D65C190182DC00ECA8D2 /* encoder~.cpp in Sources */ = {isa = PBXBuildFile; fileRef = 5965D631190182DC00ECA8D2 /* encoder~.cpp */; };
		5965D65D190182DC00ECA8D2 /* encoder~.cpp in Sources */ = {isa = PBXBuildFile; fileRef = 5965D631190182DC00ECA8D2 /* encoder~.cpp */; };
		5965D65E190182DC00ECA8D2 /* encoder~.cpp in Sources */ = {isa = PBXBuildFile; fileRef = 5965D631190182DC00ECA8D2 /* encoder~.cpp */; };
		5965D65F190182DC00ECA8D2 /* encoder~.cpp in Sources */ = {isa = PBXBuildFile; fileRef = 5965D631190182DC00ECA8D2 /* encoder~.cpp */; };
		5965D660190182DC00ECA8D2 /* encoder~.cpp in Sources */ = {isa = PBXBuildFile; fileRef = 5965D631190182DC00ECA8D2 /* encoder~.cpp */; };
		5965D661190182DC00ECA8D2 /* Library~.cpp in Sources */ = {isa = PBXBuildFile; fileRef = 5965D632190182DC00ECA8D2 /* Library~.cpp */; };
		5965D662190182DC00ECA8D2 /* Library~.cpp in Sources */ = {isa = PBXBuildFile; fileRef = 5965D632190182DC00ECA8D2 /* Library~.cpp */; };
		5965D663190182DC00ECA8D2 /* Library~.cpp in Sources */ = {isa = PBXBuildFile; fileRef = 5965D632190182DC00ECA8D2 /* Library~.cpp */; };
		5965D664190182DC00ECA8D2 /* Library~.cpp in Sources */ = {isa = PBXBuildFile; fileRef = 5965D632190182DC00ECA8D2 /* Library~.cpp */; };
		5965D665190182DC00ECA8D2 /* Library~.cpp in Sources */ = {isa = PBXBuildFile; fileRef = 5965D632190182DC00ECA8D2 /* Library~.cpp */; };
		5965D666190182DC00ECA8D2 /* Library~.cpp in Sources */ = {isa = PBXBuildFile; fileRef = 5965D632190182DC00ECA8D2 /* Library~.cpp */; };
		5965D667190182DC00ECA8D2 /* Library~.cpp in Sources */ = {isa = PBXBuildFile; fileRef = 5965D632190182DC00ECA8D2 /* Library~.cpp */; };
		5965D668190182DC00ECA8D2 /* libStat.cpp in Sources */ = {isa = PBXBuildFile; fileRef = 5965D633190182DC00ECA8D2 /* libStat.cpp */; };
		5965D669190182DC00ECA8D2 /* libStat.cpp in Sources */ = {isa = PBXBuildFile; fileRef = 5965D633190182DC00ECA8D2 /* libStat.cpp */; };
		5965D66A190182DC00ECA8D2 /* libStat.cpp in Sources */ = {isa = PBXBuildFile; fileRef = 5965D633190182DC00ECA8D2 /* libStat.cpp */; };
		5965D66B190182DC00ECA8D2 /* libStat.cpp in Sources */ = {isa = PBXBuildFile; fileRef = 5965D633190182DC00ECA8D2 /* libStat.cpp */; };
		5965D66C190182DC00ECA8D2 /* libStat.cpp in Sources */ = {isa = PBXBuildFile; fileRef = 5965D633190182DC00ECA8D2 /* libStat.cpp */; };
		5965D66D190182DC00ECA8D2 /* libStat.cpp in Sources */ = {isa = PBXBuildFile; fileRef = 5965D633190182DC00ECA8D2 /* libStat.cpp */; };
		5965D66E190182DC00ECA8D2 /* libStat.cpp in Sources */ = {isa = PBXBuildFile; fileRef = 5965D633190182DC00ECA8D2 /* libStat.cpp */; };
		5965D66F190182DC00ECA8D2 /* obj_pd_commons.h in Headers */ = {isa = PBXBuildFile; fileRef = 5965D634190182DC00ECA8D2 /* obj_pd_commons.h */; };
		5965D670190182DC00ECA8D2 /* obj_pd_commons.h in Headers */ = {isa = PBXBuildFile; fileRef = 5965D634190182DC00ECA8D2 /* obj_pd_commons.h */; };
		5965D671190182DC00ECA8D2 /* obj_pd_commons.h in Headers */ = {isa = PBXBuildFile; fileRef = 5965D634190182DC00ECA8D2 /* obj_pd_commons.h */; };
		5965D672190182DC00ECA8D2 /* obj_pd_commons.h in Headers */ = {isa = PBXBuildFile; fileRef = 5965D634190182DC00ECA8D2 /* obj_pd_commons.h */; };
		5965D673190182DC00ECA8D2 /* obj_pd_commons.h in Headers */ = {isa = PBXBuildFile; fileRef = 5965D634190182DC00ECA8D2 /* obj_pd_commons.h */; };
		5965D674190182DC00ECA8D2 /* obj_pd_commons.h in Headers */ = {isa = PBXBuildFile; fileRef = 5965D634190182DC00ECA8D2 /* obj_pd_commons.h */; };
		5965D675190182DC00ECA8D2 /* obj_pd_commons.h in Headers */ = {isa = PBXBuildFile; fileRef = 5965D634190182DC00ECA8D2 /* obj_pd_commons.h */; };
		5965D676190182DC00ECA8D2 /* rotator~.cpp in Sources */ = {isa = PBXBuildFile; fileRef = 5965D635190182DC00ECA8D2 /* rotator~.cpp */; };
		5965D677190182DC00ECA8D2 /* rotator~.cpp in Sources */ = {isa = PBXBuildFile; fileRef = 5965D635190182DC00ECA8D2 /* rotator~.cpp */; };
		5965D678190182DC00ECA8D2 /* rotator~.cpp in Sources */ = {isa = PBXBuildFile; fileRef = 5965D635190182DC00ECA8D2 /* rotator~.cpp */; };
		5965D679190182DC00ECA8D2 /* rotator~.cpp in Sources */ = {isa = PBXBuildFile; fileRef = 5965D635190182DC00ECA8D2 /* rotator~.cpp */; };
		5965D67A190182DC00ECA8D2 /* rotator~.cpp in Sources */ = {isa = PBXBuildFile; fileRef = 5965D635190182DC00ECA8D2 /* rotator~.cpp */; };
		5965D67B190182DC00ECA8D2 /* rotator~.cpp in Sources */ = {isa = PBXBuildFile; fileRef = 5965D635190182DC00ECA8D2 /* rotator~.cpp */; };
		5965D67C190182DC00ECA8D2 /* rotator~.cpp in Sources */ = {isa = PBXBuildFile; fileRef = 5965D635190182DC00ECA8D2 /* rotator~.cpp */; };
		5965D67D190182DC00ECA8D2 /* wavPlayer~.cpp in Sources */ = {isa = PBXBuildFile; fileRef = 5965D636190182DC00ECA8D2 /* wavPlayer~.cpp */; };
		5965D67E190182DC00ECA8D2 /* wavPlayer~.cpp in Sources */ = {isa = PBXBuildFile; fileRef = 5965D636190182DC00ECA8D2 /* wavPlayer~.cpp */; };
		5965D67F190182DC00ECA8D2 /* wavPlayer~.cpp in Sources */ = {isa = PBXBuildFile; fileRef = 5965D636190182DC00ECA8D2 /* wavPlayer~.cpp */; };
		5965D680190182DC00ECA8D2 /* wavPlayer~.cpp in Sources */ = {isa = PBXBuildFile; fileRef = 5965D636190182DC00ECA8D2 /* wavPlayer~.cpp */; };
		5965D681190182DC00ECA8D2 /* wavPlayer~.cpp in Sources */ = {isa = PBXBuildFile; fileRef = 5965D636190182DC00ECA8D2 /* wavPlayer~.cpp */; };
		5965D682190182DC00ECA8D2 /* wavPlayer~.cpp in Sources */ = {isa = PBXBuildFile; fileRef = 5965D636190182DC00ECA8D2 /* wavPlayer~.cpp */; };
		5965D683190182DC00ECA8D2 /* wavPlayer~.cpp in Sources */ = {isa = PBXBuildFile; fileRef = 5965D636190182DC00ECA8D2 /* wavPlayer~.cpp */; };
		5965D6851901869500ECA8D2 /* AmbisonicReverb~.cpp in Sources */ = {isa = PBXBuildFile; fileRef = 5965D6841901869500ECA8D2 /* AmbisonicReverb~.cpp */; };
		5965D6861901869500ECA8D2 /* AmbisonicReverb~.cpp in Sources */ = {isa = PBXBuildFile; fileRef = 5965D6841901869500ECA8D2 /* AmbisonicReverb~.cpp */; };
		5965D6871901869500ECA8D2 /* AmbisonicReverb~.cpp in Sources */ = {isa = PBXBuildFile; fileRef = 5965D6841901869500ECA8D2 /* AmbisonicReverb~.cpp */; };
		5965D6881901869500ECA8D2 /* AmbisonicReverb~.cpp in Sources */ = {isa = PBXBuildFile; fileRef = 5965D6841901869500ECA8D2 /* AmbisonicReverb~.cpp */; };
		5965D6891901869500ECA8D2 /* AmbisonicReverb~.cpp in Sources */ = {isa = PBXBuildFile; fileRef = 5965D6841901869500ECA8D2 /* AmbisonicReverb~.cpp */; };
		5965D68A1901869500ECA8D2 /* AmbisonicReverb~.cpp in Sources */ = {isa = PBXBuildFile; fileRef = 5965D6841901869500ECA8D2 /* AmbisonicReverb~.cpp */; };
		5965D68B1901869500ECA8D2 /* AmbisonicReverb~.cpp in Sources */ = {isa = PBXBuildFile; fileRef = 5965D6841901869500ECA8D2 /* AmbisonicReverb~.cpp */; };
		5988A75A18FD264700A4D562 /* Config.h in Headers */ = {isa = PBXBuildFile; fileRef = 5988A75918FD264600A4D562 /* Config.h */; };
		5988A75B18FD264700A4D562 /* Config.h in Headers */ = {isa = PBXBuildFile; fileRef = 5988A75918FD264600A4D562 /* Config.h */; };
		5988A75C18FD264700A4D562 /* Config.h in Headers */ = {isa = PBXBuildFile; fileRef = 5988A75918FD264600A4D562 /* Config.h */; };
		5988A75D18FD264700A4D562 /* Config.h in Headers */ = {isa = PBXBuildFile; fileRef = 5988A75918FD264600A4D562 /* Config.h */; };
		5988A75E18FD264700A4D562 /* Config.h in Headers */ = {isa = PBXBuildFile; fileRef = 5988A75918FD264600A4D562 /* Config.h */; };
		5988A75F18FD264700A4D562 /* Config.h in Headers */ = {isa = PBXBuildFile; fileRef = 5988A75918FD264600A4D562 /* Config.h */; };
		5988A76018FD264700A4D562 /* Config.h in Headers */ = {isa = PBXBuildFile; fileRef = 5988A75918FD264600A4D562 /* Config.h */; };
		59B07A9C18D6DB3800288B59 /* Internal.h in Headers */ = {isa = PBXBuildFile; fileRef = 59B07A9A18D6DB3800288B59 /* Internal.h */; };
		59B07AA018D6E06600288B59 /* AudioInternals.cpp in Sources */ = {isa = PBXBuildFile; fileRef = 59B07A9E18D6E06600288B59 /* AudioInternals.cpp */; };
		59B07AA118D6E06600288B59 /* AudioInternals.h in Headers */ = {isa = PBXBuildFile; fileRef = 59B07A9F18D6E06600288B59 /* AudioInternals.h */; };
		59DA84EF189BA228007699EC /* Binaural.cpp in Sources */ = {isa = PBXBuildFile; fileRef = 5917A613189AC29F00047F39 /* Binaural.cpp */; };
		59DA84F0189BA228007699EC /* BinauralUtility.cpp in Sources */ = {isa = PBXBuildFile; fileRef = 5917A615189AC29F00047F39 /* BinauralUtility.cpp */; };
		59DA84F3189BA228007699EC /* Audio_Basic.h in Headers */ = {isa = PBXBuildFile; fileRef = 5917A5FF189AC29200047F39 /* Audio_Basic.h */; };
		59DA84F4189BA228007699EC /* Audio_Darwin.h in Headers */ = {isa = PBXBuildFile; fileRef = 5917A600189AC29200047F39 /* Audio_Darwin.h */; };
		59DA84F5189BA228007699EC /* Audio_Neon.h in Headers */ = {isa = PBXBuildFile; fileRef = 5917A601189AC29200047F39 /* Audio_Neon.h */; };
		59DA84F6189BA228007699EC /* AudioTools.h in Headers */ = {isa = PBXBuildFile; fileRef = 5917A602189AC29200047F39 /* AudioTools.h */; };
		59DA84F7189BA228007699EC /* FloatComputation.h in Headers */ = {isa = PBXBuildFile; fileRef = 5917A603189AC29200047F39 /* FloatComputation.h */; };
		59DA84F8189BA228007699EC /* Binaural.h in Headers */ = {isa = PBXBuildFile; fileRef = 5917A614189AC29F00047F39 /* Binaural.h */; };
		59DA84F9189BA228007699EC /* BinauralUtility.h in Headers */ = {isa = PBXBuildFile; fileRef = 5917A616189AC29F00047F39 /* BinauralUtility.h */; };
		59DA8501189BA3E4007699EC /* WavLoader.cpp in Sources */ = {isa = PBXBuildFile; fileRef = 59DA84FF189BA3E4007699EC /* WavLoader.cpp */; };
		59DA8502189BA3E4007699EC /* WavLoader.h in Headers */ = {isa = PBXBuildFile; fileRef = 59DA8500189BA3E4007699EC /* WavLoader.h */; };
		59DA8503189D13DE007699EC /* WavLoader.cpp in Sources */ = {isa = PBXBuildFile; fileRef = 59DA84FF189BA3E4007699EC /* WavLoader.cpp */; };
		59E387D018ECB6040079EECE /* Geometry.h in Headers */ = {isa = PBXBuildFile; fileRef = 59E387CF18ECB6040079EECE /* Geometry.h */; };
		59E387D118ECB6040079EECE /* Geometry.h in Headers */ = {isa = PBXBuildFile; fileRef = 59E387CF18ECB6040079EECE /* Geometry.h */; };
		59E387D218ECB6040079EECE /* Geometry.h in Headers */ = {isa = PBXBuildFile; fileRef = 59E387CF18ECB6040079EECE /* Geometry.h */; };
		59E387D318ECB6040079EECE /* Geometry.h in Headers */ = {isa = PBXBuildFile; fileRef = 59E387CF18ECB6040079EECE /* Geometry.h */; };
		59E387D418ECB6040079EECE /* Geometry.h in Headers */ = {isa = PBXBuildFile; fileRef = 59E387CF18ECB6040079EECE /* Geometry.h */; };
/* End PBXBuildFile section */

/* Begin PBXFileReference section */
		5917A5FF189AC29200047F39 /* Audio_Basic.h */ = {isa = PBXFileReference; fileEncoding = 4; lastKnownFileType = sourcecode.c.h; name = Audio_Basic.h; path = AudioTools/Audio_Basic.h; sourceTree = "<group>"; };
		5917A600189AC29200047F39 /* Audio_Darwin.h */ = {isa = PBXFileReference; fileEncoding = 4; lastKnownFileType = sourcecode.c.h; name = Audio_Darwin.h; path = AudioTools/Audio_Darwin.h; sourceTree = "<group>"; };
		5917A601189AC29200047F39 /* Audio_Neon.h */ = {isa = PBXFileReference; fileEncoding = 4; lastKnownFileType = sourcecode.c.h; name = Audio_Neon.h; path = AudioTools/Audio_Neon.h; sourceTree = "<group>"; };
		5917A602189AC29200047F39 /* AudioTools.h */ = {isa = PBXFileReference; fileEncoding = 4; lastKnownFileType = sourcecode.c.h; name = AudioTools.h; path = AudioTools/AudioTools.h; sourceTree = "<group>"; };
		5917A603189AC29200047F39 /* FloatComputation.h */ = {isa = PBXFileReference; fileEncoding = 4; lastKnownFileType = sourcecode.c.h; name = FloatComputation.h; path = AudioTools/FloatComputation.h; sourceTree = "<group>"; };
		5917A613189AC29F00047F39 /* Binaural.cpp */ = {isa = PBXFileReference; fileEncoding = 4; lastKnownFileType = sourcecode.cpp.cpp; name = Binaural.cpp; path = Binaural/Binaural.cpp; sourceTree = "<group>"; };
		5917A614189AC29F00047F39 /* Binaural.h */ = {isa = PBXFileReference; fileEncoding = 4; lastKnownFileType = sourcecode.c.h; name = Binaural.h; path = Binaural/Binaural.h; sourceTree = "<group>"; };
		5917A615189AC29F00047F39 /* BinauralUtility.cpp */ = {isa = PBXFileReference; fileEncoding = 4; lastKnownFileType = sourcecode.cpp.cpp; name = BinauralUtility.cpp; path = Binaural/BinauralUtility.cpp; sourceTree = "<group>"; };
		5917A616189AC29F00047F39 /* BinauralUtility.h */ = {isa = PBXFileReference; fileEncoding = 4; lastKnownFileType = sourcecode.c.h; name = BinauralUtility.h; path = Binaural/BinauralUtility.h; sourceTree = "<group>"; };
		5917A61B189AC2AF00047F39 /* Ambisonic.h */ = {isa = PBXFileReference; fileEncoding = 4; lastKnownFileType = sourcecode.c.h; name = Ambisonic.h; path = Ambisonic/Ambisonic.h; sourceTree = "<group>"; };
		5917A61C189AC2AF00047F39 /* AmbisonicUtility.cpp */ = {isa = PBXFileReference; fileEncoding = 4; lastKnownFileType = sourcecode.cpp.cpp; name = AmbisonicUtility.cpp; path = Ambisonic/AmbisonicUtility.cpp; sourceTree = "<group>"; };
		5917A61D189AC2AF00047F39 /* AmbisonicUtility.h */ = {isa = PBXFileReference; fileEncoding = 4; lastKnownFileType = sourcecode.c.h; name = AmbisonicUtility.h; path = Ambisonic/AmbisonicUtility.h; sourceTree = "<group>"; };
		592EB456189655750058600A /* binaural~.pd_darwin */ = {isa = PBXFileReference; explicitFileType = "compiled.mach-o.dylib"; includeInIndex = 0; path = "binaural~.pd_darwin"; sourceTree = BUILT_PRODUCTS_DIR; };
		5938487518D7768A00267F32 /* ambiToBinaural~.pd_darwin */ = {isa = PBXFileReference; explicitFileType = "compiled.mach-o.dylib"; includeInIndex = 0; path = "ambiToBinaural~.pd_darwin"; sourceTree = BUILT_PRODUCTS_DIR; };
		593EA73918ED6F2000F909F9 /* AmbisonicReverb.cpp */ = {isa = PBXFileReference; fileEncoding = 4; lastKnownFileType = sourcecode.cpp.cpp; name = AmbisonicReverb.cpp; path = Ambisonic/AmbisonicReverb.cpp; sourceTree = "<group>"; };
		593EA73A18ED6F2000F909F9 /* AmbisonicReverb.h */ = {isa = PBXFileReference; fileEncoding = 4; lastKnownFileType = sourcecode.c.h; name = AmbisonicReverb.h; path = Ambisonic/AmbisonicReverb.h; sourceTree = "<group>"; };
		593EA75D18ED7BF900F909F9 /* ambisonicReverb~.pd_darwin */ = {isa = PBXFileReference; explicitFileType = "compiled.mach-o.dylib"; includeInIndex = 0; path = "ambisonicReverb~.pd_darwin"; sourceTree = BUILT_PRODUCTS_DIR; };
		595DEE7718F58D5600E1B74A /* Library.pd_darwin */ = {isa = PBXFileReference; explicitFileType = "compiled.mach-o.dylib"; includeInIndex = 0; path = Library.pd_darwin; sourceTree = BUILT_PRODUCTS_DIR; };
		5965D603190172AC00ECA8D2 /* GrandMaster.cpp */ = {isa = PBXFileReference; fileEncoding = 4; lastKnownFileType = sourcecode.cpp.cpp; name = GrandMaster.cpp; path = Internal/GrandMaster.cpp; sourceTree = "<group>"; };
		5965D604190172AC00ECA8D2 /* GrandMaster.h */ = {isa = PBXFileReference; fileEncoding = 4; lastKnownFileType = sourcecode.c.h; name = GrandMaster.h; path = Internal/GrandMaster.h; sourceTree = "<group>"; };
		5965D6141901826B00ECA8D2 /* AmbisonicRotation.cpp */ = {isa = PBXFileReference; fileEncoding = 4; lastKnownFileType = sourcecode.cpp.cpp; name = AmbisonicRotation.cpp; path = Ambisonic/AmbisonicRotation.cpp; sourceTree = "<group>"; };
		5965D6151901826B00ECA8D2 /* AmbisonicRotation.h */ = {isa = PBXFileReference; fileEncoding = 4; lastKnownFileType = sourcecode.c.h; name = AmbisonicRotation.h; path = Ambisonic/AmbisonicRotation.h; sourceTree = "<group>"; };
		5965D62E190182DC00ECA8D2 /* binaural~.cpp */ = {isa = PBXFileReference; fileEncoding = 4; lastKnownFileType = sourcecode.cpp.cpp; path = "binaural~.cpp"; sourceTree = "<group>"; };
		5965D62F190182DC00ECA8D2 /* Debug_pd.h */ = {isa = PBXFileReference; fileEncoding = 4; lastKnownFileType = sourcecode.c.h; path = Debug_pd.h; sourceTree = "<group>"; };
		5965D630190182DC00ECA8D2 /* decoder~.cpp */ = {isa = PBXFileReference; fileEncoding = 4; lastKnownFileType = sourcecode.cpp.cpp; path = "decoder~.cpp"; sourceTree = "<group>"; };
		5965D631190182DC00ECA8D2 /* encoder~.cpp */ = {isa = PBXFileReference; fileEncoding = 4; lastKnownFileType = sourcecode.cpp.cpp; path = "encoder~.cpp"; sourceTree = "<group>"; };
		5965D632190182DC00ECA8D2 /* Library~.cpp */ = {isa = PBXFileReference; fileEncoding = 4; lastKnownFileType = sourcecode.cpp.cpp; path = "Library~.cpp"; sourceTree = "<group>"; };
		5965D633190182DC00ECA8D2 /* libStat.cpp */ = {isa = PBXFileReference; fileEncoding = 4; lastKnownFileType = sourcecode.cpp.cpp; path = libStat.cpp; sourceTree = "<group>"; };
		5965D634190182DC00ECA8D2 /* obj_pd_commons.h */ = {isa = PBXFileReference; fileEncoding = 4; lastKnownFileType = sourcecode.c.h; path = obj_pd_commons.h; sourceTree = "<group>"; };
		5965D635190182DC00ECA8D2 /* rotator~.cpp */ = {isa = PBXFileReference; fileEncoding = 4; lastKnownFileType = sourcecode.cpp.cpp; path = "rotator~.cpp"; sourceTree = "<group>"; };
		5965D636190182DC00ECA8D2 /* wavPlayer~.cpp */ = {isa = PBXFileReference; fileEncoding = 4; lastKnownFileType = sourcecode.cpp.cpp; path = "wavPlayer~.cpp"; sourceTree = "<group>"; };
		5965D6841901869500ECA8D2 /* AmbisonicReverb~.cpp */ = {isa = PBXFileReference; fileEncoding = 4; lastKnownFileType = sourcecode.cpp.cpp; path = "AmbisonicReverb~.cpp"; sourceTree = "<group>"; };
		5985424D18957633006F67DD /* decoder~.pd_darwin */ = {isa = PBXFileReference; explicitFileType = "compiled.mach-o.dylib"; includeInIndex = 0; path = "decoder~.pd_darwin"; sourceTree = BUILT_PRODUCTS_DIR; };
		5988A75918FD264600A4D562 /* Config.h */ = {isa = PBXFileReference; fileEncoding = 4; lastKnownFileType = sourcecode.c.h; path = Config.h; sourceTree = "<group>"; };
		5988A76118FD2EC700A4D562 /* TODO.rtf */ = {isa = PBXFileReference; lastKnownFileType = text.rtf; path = TODO.rtf; sourceTree = "<group>"; };
		59B07A9A18D6DB3800288B59 /* Internal.h */ = {isa = PBXFileReference; fileEncoding = 4; lastKnownFileType = sourcecode.c.h; name = Internal.h; path = Internal/Internal.h; sourceTree = "<group>"; };
		59B07A9E18D6E06600288B59 /* AudioInternals.cpp */ = {isa = PBXFileReference; fileEncoding = 4; lastKnownFileType = sourcecode.cpp.cpp; name = AudioInternals.cpp; path = AudioTools/AudioInternals.cpp; sourceTree = "<group>"; };
		59B07A9F18D6E06600288B59 /* AudioInternals.h */ = {isa = PBXFileReference; fileEncoding = 4; lastKnownFileType = sourcecode.c.h; name = AudioInternals.h; path = AudioTools/AudioInternals.h; sourceTree = "<group>"; };
		59DA84FD189BA228007699EC /* wavPlayer~.pd_darwin */ = {isa = PBXFileReference; explicitFileType = "compiled.mach-o.dylib"; includeInIndex = 0; path = "wavPlayer~.pd_darwin"; sourceTree = BUILT_PRODUCTS_DIR; };
		59DA84FF189BA3E4007699EC /* WavLoader.cpp */ = {isa = PBXFileReference; fileEncoding = 4; lastKnownFileType = sourcecode.cpp.cpp; name = WavLoader.cpp; path = AudioTools/WavLoader.cpp; sourceTree = "<group>"; };
		59DA8500189BA3E4007699EC /* WavLoader.h */ = {isa = PBXFileReference; fileEncoding = 4; lastKnownFileType = sourcecode.c.h; name = WavLoader.h; path = AudioTools/WavLoader.h; sourceTree = "<group>"; };
		59E387CF18ECB6040079EECE /* Geometry.h */ = {isa = PBXFileReference; fileEncoding = 4; lastKnownFileType = sourcecode.c.h; name = Geometry.h; path = ../../echoerrances/dev/Universe/Universe/Universe/Geometry.h; sourceTree = "<group>"; };
		59E5F72D189449BC00731CBE /* encoder~.pd_darwin */ = {isa = PBXFileReference; explicitFileType = "compiled.mach-o.dylib"; includeInIndex = 0; path = "encoder~.pd_darwin"; sourceTree = BUILT_PRODUCTS_DIR; };
/* End PBXFileReference section */

/* Begin PBXFrameworksBuildPhase section */
		592EB44C189655750058600A /* Frameworks */ = {
			isa = PBXFrameworksBuildPhase;
			buildActionMask = 2147483647;
			files = (
			);
			runOnlyForDeploymentPostprocessing = 0;
		};
		5938486918D7768A00267F32 /* Frameworks */ = {
			isa = PBXFrameworksBuildPhase;
			buildActionMask = 2147483647;
			files = (
			);
			runOnlyForDeploymentPostprocessing = 0;
		};
		593EA74D18ED7BF900F909F9 /* Frameworks */ = {
			isa = PBXFrameworksBuildPhase;
			buildActionMask = 2147483647;
			files = (
			);
			runOnlyForDeploymentPostprocessing = 0;
		};
		595DEE6718F58D5600E1B74A /* Frameworks */ = {
			isa = PBXFrameworksBuildPhase;
			buildActionMask = 2147483647;
			files = (
			);
			runOnlyForDeploymentPostprocessing = 0;
		};
		5985424418957633006F67DD /* Frameworks */ = {
			isa = PBXFrameworksBuildPhase;
			buildActionMask = 2147483647;
			files = (
			);
			runOnlyForDeploymentPostprocessing = 0;
		};
		59DA84F1189BA228007699EC /* Frameworks */ = {
			isa = PBXFrameworksBuildPhase;
			buildActionMask = 2147483647;
			files = (
			);
			runOnlyForDeploymentPostprocessing = 0;
		};
		59E5F72A189449BC00731CBE /* Frameworks */ = {
			isa = PBXFrameworksBuildPhase;
			buildActionMask = 2147483647;
			files = (
			);
			runOnlyForDeploymentPostprocessing = 0;
		};
/* End PBXFrameworksBuildPhase section */

/* Begin PBXGroup section */
		5917A5FD189AB82E00047F39 /* audioTools */ = {
			isa = PBXGroup;
			children = (
				5917A5FF189AC29200047F39 /* Audio_Basic.h */,
				5917A600189AC29200047F39 /* Audio_Darwin.h */,
				5917A601189AC29200047F39 /* Audio_Neon.h */,
				5917A602189AC29200047F39 /* AudioTools.h */,
				5917A603189AC29200047F39 /* FloatComputation.h */,
				59DA8500189BA3E4007699EC /* WavLoader.h */,
				59DA84FF189BA3E4007699EC /* WavLoader.cpp */,
				59B07A9F18D6E06600288B59 /* AudioInternals.h */,
				59B07A9E18D6E06600288B59 /* AudioInternals.cpp */,
			);
			name = audioTools;
			sourceTree = "<group>";
		};
		5965D62B190182DC00ECA8D2 /* PDObjects */ = {
			isa = PBXGroup;
			children = (
				5965D6841901869500ECA8D2 /* AmbisonicReverb~.cpp */,
				5965D62E190182DC00ECA8D2 /* binaural~.cpp */,
				5965D62F190182DC00ECA8D2 /* Debug_pd.h */,
				5965D630190182DC00ECA8D2 /* decoder~.cpp */,
				5965D631190182DC00ECA8D2 /* encoder~.cpp */,
				5965D632190182DC00ECA8D2 /* Library~.cpp */,
				5965D633190182DC00ECA8D2 /* libStat.cpp */,
				5965D634190182DC00ECA8D2 /* obj_pd_commons.h */,
				5965D635190182DC00ECA8D2 /* rotator~.cpp */,
				5965D636190182DC00ECA8D2 /* wavPlayer~.cpp */,
			);
			path = PDObjects;
			sourceTree = "<group>";
		};
		59854250189576C7006F67DD /* ambisonic */ = {
			isa = PBXGroup;
			children = (
				5965D6141901826B00ECA8D2 /* AmbisonicRotation.cpp */,
				5965D6151901826B00ECA8D2 /* AmbisonicRotation.h */,
				5917A61B189AC2AF00047F39 /* Ambisonic.h */,
				593EA73A18ED6F2000F909F9 /* AmbisonicReverb.h */,
				593EA73918ED6F2000F909F9 /* AmbisonicReverb.cpp */,
				5917A61D189AC2AF00047F39 /* AmbisonicUtility.h */,
				5917A61C189AC2AF00047F39 /* AmbisonicUtility.cpp */,
			);
			name = ambisonic;
			sourceTree = "<group>";
		};
		59AFDCF118967F0200CF8E5F /* binaural */ = {
			isa = PBXGroup;
			children = (
				5917A614189AC29F00047F39 /* Binaural.h */,
				5917A613189AC29F00047F39 /* Binaural.cpp */,
				5917A616189AC29F00047F39 /* BinauralUtility.h */,
				5917A615189AC29F00047F39 /* BinauralUtility.cpp */,
			);
			name = binaural;
			sourceTree = "<group>";
		};
		59B07A9D18D6DB4200288B59 /* Internal */ = {
			isa = PBXGroup;
			children = (
				5965D603190172AC00ECA8D2 /* GrandMaster.cpp */,
				5965D604190172AC00ECA8D2 /* GrandMaster.h */,
				59B07A9A18D6DB3800288B59 /* Internal.h */,
			);
			name = Internal;
			sourceTree = "<group>";
		};
		59E5F724189449BC00731CBE = {
			isa = PBXGroup;
			children = (
				5988A76118FD2EC700A4D562 /* TODO.rtf */,
				59B07A9D18D6DB4200288B59 /* Internal */,
				5988A75918FD264600A4D562 /* Config.h */,
				59AFDCF118967F0200CF8E5F /* binaural */,
				5917A5FD189AB82E00047F39 /* audioTools */,
				5965D62B190182DC00ECA8D2 /* PDObjects */,
				59E387CF18ECB6040079EECE /* Geometry.h */,
				59854250189576C7006F67DD /* ambisonic */,
				59E5F72E189449BC00731CBE /* Products */,
			);
			sourceTree = "<group>";
		};
		59E5F72E189449BC00731CBE /* Products */ = {
			isa = PBXGroup;
			children = (
				59E5F72D189449BC00731CBE /* encoder~.pd_darwin */,
				5985424D18957633006F67DD /* decoder~.pd_darwin */,
				592EB456189655750058600A /* binaural~.pd_darwin */,
				59DA84FD189BA228007699EC /* wavPlayer~.pd_darwin */,
				5938487518D7768A00267F32 /* ambiToBinaural~.pd_darwin */,
				593EA75D18ED7BF900F909F9 /* ambisonicReverb~.pd_darwin */,
				595DEE7718F58D5600E1B74A /* Library.pd_darwin */,
			);
			name = Products;
			sourceTree = "<group>";
		};
/* End PBXGroup section */

/* Begin PBXHeadersBuildPhase section */
		592EB44D189655750058600A /* Headers */ = {
			isa = PBXHeadersBuildPhase;
			buildActionMask = 2147483647;
			files = (
				5917A606189AC29200047F39 /* Audio_Basic.h in Headers */,
				5917A609189AC29200047F39 /* Audio_Darwin.h in Headers */,
				5917A60C189AC29200047F39 /* Audio_Neon.h in Headers */,
				5917A60F189AC29200047F39 /* AudioTools.h in Headers */,
				5917A612189AC29200047F39 /* FloatComputation.h in Headers */,
				5917A618189AC29F00047F39 /* Binaural.h in Headers */,
				5917A61A189AC29F00047F39 /* BinauralUtility.h in Headers */,
				59E387D218ECB6040079EECE /* Geometry.h in Headers */,
				5988A75C18FD264700A4D562 /* Config.h in Headers */,
				5965D60E190172AC00ECA8D2 /* GrandMaster.h in Headers */,
				5965D6261901826B00ECA8D2 /* AmbisonicRotation.h in Headers */,
				5965D64E190182DC00ECA8D2 /* Debug_pd.h in Headers */,
				5965D671190182DC00ECA8D2 /* obj_pd_commons.h in Headers */,
			);
			runOnlyForDeploymentPostprocessing = 0;
		};
		5938486A18D7768A00267F32 /* Headers */ = {
			isa = PBXHeadersBuildPhase;
			buildActionMask = 2147483647;
			files = (
				5938486B18D7768A00267F32 /* Audio_Basic.h in Headers */,
				5938486C18D7768A00267F32 /* Audio_Darwin.h in Headers */,
				5938486D18D7768A00267F32 /* Audio_Neon.h in Headers */,
				5938486E18D7768A00267F32 /* AudioTools.h in Headers */,
				5938486F18D7768A00267F32 /* FloatComputation.h in Headers */,
				5938487018D7768A00267F32 /* Binaural.h in Headers */,
				5938487118D7768A00267F32 /* BinauralUtility.h in Headers */,
				59E387D418ECB6040079EECE /* Geometry.h in Headers */,
				593EA75E18ED7C6100F909F9 /* Ambisonic.h in Headers */,
				593EA75F18ED7C7600F909F9 /* AmbisonicUtility.h in Headers */,
				5988A75E18FD264700A4D562 /* Config.h in Headers */,
				5965D610190172AC00ECA8D2 /* GrandMaster.h in Headers */,
				5965D6281901826B00ECA8D2 /* AmbisonicRotation.h in Headers */,
				5965D650190182DC00ECA8D2 /* Debug_pd.h in Headers */,
				5965D673190182DC00ECA8D2 /* obj_pd_commons.h in Headers */,
			);
			runOnlyForDeploymentPostprocessing = 0;
		};
		593EA74E18ED7BF900F909F9 /* Headers */ = {
			isa = PBXHeadersBuildPhase;
			buildActionMask = 2147483647;
			files = (
				593EA74F18ED7BF900F909F9 /* Audio_Basic.h in Headers */,
				593EA75018ED7BF900F909F9 /* Audio_Darwin.h in Headers */,
				593EA75118ED7BF900F909F9 /* Audio_Neon.h in Headers */,
				593EA75218ED7BF900F909F9 /* AudioTools.h in Headers */,
				593EA75318ED7BF900F909F9 /* FloatComputation.h in Headers */,
				593EA75418ED7BF900F909F9 /* Ambisonic.h in Headers */,
				593EA75518ED7BF900F909F9 /* AmbisonicUtility.h in Headers */,
				593EA75618ED7BF900F909F9 /* Internal.h in Headers */,
				593EA75718ED7BF900F909F9 /* AudioInternals.h in Headers */,
				593EA75818ED7BF900F909F9 /* Geometry.h in Headers */,
				593EA75918ED7BF900F909F9 /* AmbisonicReverb.h in Headers */,
				5988A75F18FD264700A4D562 /* Config.h in Headers */,
				5965D611190172AC00ECA8D2 /* GrandMaster.h in Headers */,
				5965D6291901826B00ECA8D2 /* AmbisonicRotation.h in Headers */,
				5965D651190182DC00ECA8D2 /* Debug_pd.h in Headers */,
				5965D674190182DC00ECA8D2 /* obj_pd_commons.h in Headers */,
			);
			runOnlyForDeploymentPostprocessing = 0;
		};
		595DEE6818F58D5600E1B74A /* Headers */ = {
			isa = PBXHeadersBuildPhase;
			buildActionMask = 2147483647;
			files = (
				595DEE6918F58D5600E1B74A /* Audio_Basic.h in Headers */,
				595DEE6A18F58D5600E1B74A /* Audio_Darwin.h in Headers */,
				595DEE6B18F58D5600E1B74A /* Audio_Neon.h in Headers */,
				595DEE6C18F58D5600E1B74A /* AudioTools.h in Headers */,
				595DEE6D18F58D5600E1B74A /* FloatComputation.h in Headers */,
				595DEE6E18F58D5600E1B74A /* Ambisonic.h in Headers */,
				595DEE6F18F58D5600E1B74A /* AmbisonicUtility.h in Headers */,
				595DEE7018F58D5600E1B74A /* Internal.h in Headers */,
				595DEE7118F58D5600E1B74A /* AudioInternals.h in Headers */,
				595DEE7218F58D5600E1B74A /* Geometry.h in Headers */,
				595DEE7318F58D5600E1B74A /* AmbisonicReverb.h in Headers */,
				5988A76018FD264700A4D562 /* Config.h in Headers */,
				5965D612190172AC00ECA8D2 /* GrandMaster.h in Headers */,
				5965D62A1901826B00ECA8D2 /* AmbisonicRotation.h in Headers */,
				5965D652190182DC00ECA8D2 /* Debug_pd.h in Headers */,
				5965D675190182DC00ECA8D2 /* obj_pd_commons.h in Headers */,
			);
			runOnlyForDeploymentPostprocessing = 0;
		};
		5985424518957633006F67DD /* Headers */ = {
			isa = PBXHeadersBuildPhase;
			buildActionMask = 2147483647;
			files = (
				5917A605189AC29200047F39 /* Audio_Basic.h in Headers */,
				5917A608189AC29200047F39 /* Audio_Darwin.h in Headers */,
				5917A60B189AC29200047F39 /* Audio_Neon.h in Headers */,
				5917A60E189AC29200047F39 /* AudioTools.h in Headers */,
				5917A611189AC29200047F39 /* FloatComputation.h in Headers */,
				5917A61F189AC2AF00047F39 /* Ambisonic.h in Headers */,
				5917A623189AC2AF00047F39 /* AmbisonicUtility.h in Headers */,
				59E387D118ECB6040079EECE /* Geometry.h in Headers */,
				593EA74118ED6F2000F909F9 /* AmbisonicReverb.h in Headers */,
				5988A75B18FD264700A4D562 /* Config.h in Headers */,
				5965D60D190172AC00ECA8D2 /* GrandMaster.h in Headers */,
				5965D6251901826B00ECA8D2 /* AmbisonicRotation.h in Headers */,
				5965D64D190182DC00ECA8D2 /* Debug_pd.h in Headers */,
				5965D670190182DC00ECA8D2 /* obj_pd_commons.h in Headers */,
			);
			runOnlyForDeploymentPostprocessing = 0;
		};
		59DA84F2189BA228007699EC /* Headers */ = {
			isa = PBXHeadersBuildPhase;
			buildActionMask = 2147483647;
			files = (
				59DA84F3189BA228007699EC /* Audio_Basic.h in Headers */,
				59DA84F4189BA228007699EC /* Audio_Darwin.h in Headers */,
				59DA84F5189BA228007699EC /* Audio_Neon.h in Headers */,
				59DA84F6189BA228007699EC /* AudioTools.h in Headers */,
				59DA84F7189BA228007699EC /* FloatComputation.h in Headers */,
				59DA84F8189BA228007699EC /* Binaural.h in Headers */,
				59DA84F9189BA228007699EC /* BinauralUtility.h in Headers */,
				59DA8502189BA3E4007699EC /* WavLoader.h in Headers */,
				59E387D318ECB6040079EECE /* Geometry.h in Headers */,
				5988A75D18FD264700A4D562 /* Config.h in Headers */,
				5965D60F190172AC00ECA8D2 /* GrandMaster.h in Headers */,
				5965D6271901826B00ECA8D2 /* AmbisonicRotation.h in Headers */,
				5965D64F190182DC00ECA8D2 /* Debug_pd.h in Headers */,
				5965D672190182DC00ECA8D2 /* obj_pd_commons.h in Headers */,
			);
			runOnlyForDeploymentPostprocessing = 0;
		};
		59E5F72B189449BC00731CBE /* Headers */ = {
			isa = PBXHeadersBuildPhase;
			buildActionMask = 2147483647;
			files = (
				5917A604189AC29200047F39 /* Audio_Basic.h in Headers */,
				5917A607189AC29200047F39 /* Audio_Darwin.h in Headers */,
				5917A60A189AC29200047F39 /* Audio_Neon.h in Headers */,
				5917A60D189AC29200047F39 /* AudioTools.h in Headers */,
				5917A610189AC29200047F39 /* FloatComputation.h in Headers */,
				5917A61E189AC2AF00047F39 /* Ambisonic.h in Headers */,
				5917A622189AC2AF00047F39 /* AmbisonicUtility.h in Headers */,
				59B07A9C18D6DB3800288B59 /* Internal.h in Headers */,
				59B07AA118D6E06600288B59 /* AudioInternals.h in Headers */,
				59E387D018ECB6040079EECE /* Geometry.h in Headers */,
				593EA74018ED6F2000F909F9 /* AmbisonicReverb.h in Headers */,
				5988A75A18FD264700A4D562 /* Config.h in Headers */,
				5965D60C190172AC00ECA8D2 /* GrandMaster.h in Headers */,
				5965D6241901826B00ECA8D2 /* AmbisonicRotation.h in Headers */,
				5965D64C190182DC00ECA8D2 /* Debug_pd.h in Headers */,
				5965D66F190182DC00ECA8D2 /* obj_pd_commons.h in Headers */,
			);
			runOnlyForDeploymentPostprocessing = 0;
		};
/* End PBXHeadersBuildPhase section */

/* Begin PBXNativeTarget section */
		592EB448189655750058600A /* binaural~ */ = {
			isa = PBXNativeTarget;
			buildConfigurationList = 592EB453189655750058600A /* Build configuration list for PBXNativeTarget "binaural~" */;
			buildPhases = (
				592EB449189655750058600A /* Sources */,
				592EB44C189655750058600A /* Frameworks */,
				592EB44D189655750058600A /* Headers */,
			);
			buildRules = (
			);
			dependencies = (
			);
			name = "binaural~";
			productName = 2Dencoder;
			productReference = 592EB456189655750058600A /* binaural~.pd_darwin */;
			productType = "com.apple.product-type.library.dynamic";
		};
		5938486118D7768A00267F32 /* ambiToBinaural~ */ = {
			isa = PBXNativeTarget;
			buildConfigurationList = 5938487218D7768A00267F32 /* Build configuration list for PBXNativeTarget "ambiToBinaural~" */;
			buildPhases = (
				5938486218D7768A00267F32 /* Sources */,
				5938486918D7768A00267F32 /* Frameworks */,
				5938486A18D7768A00267F32 /* Headers */,
			);
			buildRules = (
			);
			dependencies = (
			);
			name = "ambiToBinaural~";
			productName = 2Dencoder;
			productReference = 5938487518D7768A00267F32 /* ambiToBinaural~.pd_darwin */;
			productType = "com.apple.product-type.library.dynamic";
		};
		593EA74618ED7BF900F909F9 /* ambisonicReverb~ */ = {
			isa = PBXNativeTarget;
			buildConfigurationList = 593EA75A18ED7BF900F909F9 /* Build configuration list for PBXNativeTarget "ambisonicReverb~" */;
			buildPhases = (
				593EA74718ED7BF900F909F9 /* Sources */,
				593EA74D18ED7BF900F909F9 /* Frameworks */,
				593EA74E18ED7BF900F909F9 /* Headers */,
			);
			buildRules = (
			);
			dependencies = (
			);
			name = "ambisonicReverb~";
			productName = 2Dencoder;
			productReference = 593EA75D18ED7BF900F909F9 /* ambisonicReverb~.pd_darwin */;
			productType = "com.apple.product-type.library.dynamic";
		};
		595DEE6018F58D5600E1B74A /* Library */ = {
			isa = PBXNativeTarget;
			buildConfigurationList = 595DEE7418F58D5600E1B74A /* Build configuration list for PBXNativeTarget "Library" */;
			buildPhases = (
				595DEE6118F58D5600E1B74A /* Sources */,
				595DEE6718F58D5600E1B74A /* Frameworks */,
				595DEE6818F58D5600E1B74A /* Headers */,
			);
			buildRules = (
			);
			dependencies = (
			);
			name = Library;
			productName = 2Dencoder;
			productReference = 595DEE7718F58D5600E1B74A /* Library.pd_darwin */;
			productType = "com.apple.product-type.library.dynamic";
		};
		5985424018957633006F67DD /* decoder~ */ = {
			isa = PBXNativeTarget;
			buildConfigurationList = 5985424A18957633006F67DD /* Build configuration list for PBXNativeTarget "decoder~" */;
			buildPhases = (
				5985424118957633006F67DD /* Sources */,
				5985424418957633006F67DD /* Frameworks */,
				5985424518957633006F67DD /* Headers */,
			);
			buildRules = (
			);
			dependencies = (
			);
			name = "decoder~";
			productName = 2Dencoder;
			productReference = 5985424D18957633006F67DD /* decoder~.pd_darwin */;
			productType = "com.apple.product-type.library.dynamic";
		};
		59DA84EC189BA228007699EC /* wavPlayer~ */ = {
			isa = PBXNativeTarget;
			buildConfigurationList = 59DA84FA189BA228007699EC /* Build configuration list for PBXNativeTarget "wavPlayer~" */;
			buildPhases = (
				59DA84ED189BA228007699EC /* Sources */,
				59DA84F1189BA228007699EC /* Frameworks */,
				59DA84F2189BA228007699EC /* Headers */,
			);
			buildRules = (
			);
			dependencies = (
			);
			name = "wavPlayer~";
			productName = 2Dencoder;
			productReference = 59DA84FD189BA228007699EC /* wavPlayer~.pd_darwin */;
			productType = "com.apple.product-type.library.dynamic";
		};
		59E5F72C189449BC00731CBE /* encoder~ */ = {
			isa = PBXNativeTarget;
			buildConfigurationList = 59E5F731189449BC00731CBE /* Build configuration list for PBXNativeTarget "encoder~" */;
			buildPhases = (
				59E5F729189449BC00731CBE /* Sources */,
				59E5F72A189449BC00731CBE /* Frameworks */,
				59E5F72B189449BC00731CBE /* Headers */,
			);
			buildRules = (
			);
			dependencies = (
			);
			name = "encoder~";
			productName = 2Dencoder;
			productReference = 59E5F72D189449BC00731CBE /* encoder~.pd_darwin */;
			productType = "com.apple.product-type.library.dynamic";
		};
/* End PBXNativeTarget section */

/* Begin PBXProject section */
		59E5F725189449BC00731CBE /* Project object */ = {
			isa = PBXProject;
			attributes = {
				LastUpgradeCheck = 0460;
				ORGANIZATIONNAME = "Manuel Deneu";
			};
			buildConfigurationList = 59E5F728189449BC00731CBE /* Build configuration list for PBXProject "audioLib" */;
			compatibilityVersion = "Xcode 3.2";
			developmentRegion = English;
			hasScannedForEncodings = 0;
			knownRegions = (
				en,
			);
			mainGroup = 59E5F724189449BC00731CBE;
			productRefGroup = 59E5F72E189449BC00731CBE /* Products */;
			projectDirPath = "";
			projectRoot = "";
			targets = (
				59E5F72C189449BC00731CBE /* encoder~ */,
				5985424018957633006F67DD /* decoder~ */,
				592EB448189655750058600A /* binaural~ */,
				59DA84EC189BA228007699EC /* wavPlayer~ */,
				5938486118D7768A00267F32 /* ambiToBinaural~ */,
				593EA74618ED7BF900F909F9 /* ambisonicReverb~ */,
				595DEE6018F58D5600E1B74A /* Library */,
			);
		};
/* End PBXProject section */

/* Begin PBXSourcesBuildPhase section */
		592EB449189655750058600A /* Sources */ = {
			isa = PBXSourcesBuildPhase;
			buildActionMask = 2147483647;
			files = (
				5917A617189AC29F00047F39 /* Binaural.cpp in Sources */,
				5917A619189AC29F00047F39 /* BinauralUtility.cpp in Sources */,
				59DA8503189D13DE007699EC /* WavLoader.cpp in Sources */,
				5938485A18D7722B00267F32 /* AudioInternals.cpp in Sources */,
				5965D607190172AC00ECA8D2 /* GrandMaster.cpp in Sources */,
				5965D61F1901826B00ECA8D2 /* AmbisonicRotation.cpp in Sources */,
				5965D647190182DC00ECA8D2 /* binaural~.cpp in Sources */,
				5965D655190182DC00ECA8D2 /* decoder~.cpp in Sources */,
				5965D65C190182DC00ECA8D2 /* encoder~.cpp in Sources */,
				5965D663190182DC00ECA8D2 /* Library~.cpp in Sources */,
				5965D66A190182DC00ECA8D2 /* libStat.cpp in Sources */,
				5965D678190182DC00ECA8D2 /* rotator~.cpp in Sources */,
				5965D67F190182DC00ECA8D2 /* wavPlayer~.cpp in Sources */,
				5965D6871901869500ECA8D2 /* AmbisonicReverb~.cpp in Sources */,
			);
			runOnlyForDeploymentPostprocessing = 0;
		};
		5938486218D7768A00267F32 /* Sources */ = {
			isa = PBXSourcesBuildPhase;
			buildActionMask = 2147483647;
			files = (
				5938486418D7768A00267F32 /* Binaural.cpp in Sources */,
				5938486518D7768A00267F32 /* BinauralUtility.cpp in Sources */,
				5938486618D7768A00267F32 /* WavLoader.cpp in Sources */,
				5938486718D7768A00267F32 /* AudioInternals.cpp in Sources */,
				5938487718D7797E00267F32 /* AmbisonicUtility.cpp in Sources */,
				5965D609190172AC00ECA8D2 /* GrandMaster.cpp in Sources */,
				5965D6211901826B00ECA8D2 /* AmbisonicRotation.cpp in Sources */,
				5965D649190182DC00ECA8D2 /* binaural~.cpp in Sources */,
				5965D657190182DC00ECA8D2 /* decoder~.cpp in Sources */,
				5965D65E190182DC00ECA8D2 /* encoder~.cpp in Sources */,
				5965D665190182DC00ECA8D2 /* Library~.cpp in Sources */,
				5965D66C190182DC00ECA8D2 /* libStat.cpp in Sources */,
				5965D67A190182DC00ECA8D2 /* rotator~.cpp in Sources */,
				5965D681190182DC00ECA8D2 /* wavPlayer~.cpp in Sources */,
				5965D6891901869500ECA8D2 /* AmbisonicReverb~.cpp in Sources */,
			);
			runOnlyForDeploymentPostprocessing = 0;
		};
		593EA74718ED7BF900F909F9 /* Sources */ = {
			isa = PBXSourcesBuildPhase;
			buildActionMask = 2147483647;
			files = (
				593EA74918ED7BF900F909F9 /* AmbisonicUtility.cpp in Sources */,
				593EA74B18ED7BF900F909F9 /* AudioInternals.cpp in Sources */,
				593EA74C18ED7BF900F909F9 /* AmbisonicReverb.cpp in Sources */,
				5965D60A190172AC00ECA8D2 /* GrandMaster.cpp in Sources */,
				5965D6221901826B00ECA8D2 /* AmbisonicRotation.cpp in Sources */,
				5965D64A190182DC00ECA8D2 /* binaural~.cpp in Sources */,
				5965D658190182DC00ECA8D2 /* decoder~.cpp in Sources */,
				5965D65F190182DC00ECA8D2 /* encoder~.cpp in Sources */,
				5965D666190182DC00ECA8D2 /* Library~.cpp in Sources */,
				5965D66D190182DC00ECA8D2 /* libStat.cpp in Sources */,
				5965D67B190182DC00ECA8D2 /* rotator~.cpp in Sources */,
				5965D682190182DC00ECA8D2 /* wavPlayer~.cpp in Sources */,
				5965D68A1901869500ECA8D2 /* AmbisonicReverb~.cpp in Sources */,
			);
			runOnlyForDeploymentPostprocessing = 0;
		};
		595DEE6118F58D5600E1B74A /* Sources */ = {
			isa = PBXSourcesBuildPhase;
			buildActionMask = 2147483647;
			files = (
				595DEE6218F58D5600E1B74A /* AmbisonicUtility.cpp in Sources */,
				595DEE6418F58D5600E1B74A /* AudioInternals.cpp in Sources */,
				595DEE6518F58D5600E1B74A /* AmbisonicReverb.cpp in Sources */,
				595DEE7F18F58F5400E1B74A /* Binaural.cpp in Sources */,
				595DEE8018F58F5700E1B74A /* BinauralUtility.cpp in Sources */,
				595DEE8618F58F8B00E1B74A /* WavLoader.cpp in Sources */,
				5965D60B190172AC00ECA8D2 /* GrandMaster.cpp in Sources */,
				5965D6231901826B00ECA8D2 /* AmbisonicRotation.cpp in Sources */,
				5965D64B190182DC00ECA8D2 /* binaural~.cpp in Sources */,
				5965D659190182DC00ECA8D2 /* decoder~.cpp in Sources */,
				5965D660190182DC00ECA8D2 /* encoder~.cpp in Sources */,
				5965D667190182DC00ECA8D2 /* Library~.cpp in Sources */,
				5965D66E190182DC00ECA8D2 /* libStat.cpp in Sources */,
				5965D67C190182DC00ECA8D2 /* rotator~.cpp in Sources */,
				5965D683190182DC00ECA8D2 /* wavPlayer~.cpp in Sources */,
				5965D68B1901869500ECA8D2 /* AmbisonicReverb~.cpp in Sources */,
			);
			runOnlyForDeploymentPostprocessing = 0;
		};
		5985424118957633006F67DD /* Sources */ = {
			isa = PBXSourcesBuildPhase;
			buildActionMask = 2147483647;
			files = (
				5917A621189AC2AF00047F39 /* AmbisonicUtility.cpp in Sources */,
				5938485918D7722B00267F32 /* AudioInternals.cpp in Sources */,
				593EA73C18ED6F2000F909F9 /* AmbisonicReverb.cpp in Sources */,
				5965D606190172AC00ECA8D2 /* GrandMaster.cpp in Sources */,
				5965D61E1901826B00ECA8D2 /* AmbisonicRotation.cpp in Sources */,
				5965D646190182DC00ECA8D2 /* binaural~.cpp in Sources */,
				5965D654190182DC00ECA8D2 /* decoder~.cpp in Sources */,
				5965D65B190182DC00ECA8D2 /* encoder~.cpp in Sources */,
				5965D662190182DC00ECA8D2 /* Library~.cpp in Sources */,
				5965D669190182DC00ECA8D2 /* libStat.cpp in Sources */,
				5965D677190182DC00ECA8D2 /* rotator~.cpp in Sources */,
				5965D67E190182DC00ECA8D2 /* wavPlayer~.cpp in Sources */,
				5965D6861901869500ECA8D2 /* AmbisonicReverb~.cpp in Sources */,
			);
			runOnlyForDeploymentPostprocessing = 0;
		};
		59DA84ED189BA228007699EC /* Sources */ = {
			isa = PBXSourcesBuildPhase;
			buildActionMask = 2147483647;
			files = (
				59DA84EF189BA228007699EC /* Binaural.cpp in Sources */,
				59DA84F0189BA228007699EC /* BinauralUtility.cpp in Sources */,
				59DA8501189BA3E4007699EC /* WavLoader.cpp in Sources */,
				5938485B18D7722C00267F32 /* AudioInternals.cpp in Sources */,
				5965D608190172AC00ECA8D2 /* GrandMaster.cpp in Sources */,
				5965D6201901826B00ECA8D2 /* AmbisonicRotation.cpp in Sources */,
				5965D648190182DC00ECA8D2 /* binaural~.cpp in Sources */,
				5965D656190182DC00ECA8D2 /* decoder~.cpp in Sources */,
				5965D65D190182DC00ECA8D2 /* encoder~.cpp in Sources */,
				5965D664190182DC00ECA8D2 /* Library~.cpp in Sources */,
				5965D66B190182DC00ECA8D2 /* libStat.cpp in Sources */,
				5965D679190182DC00ECA8D2 /* rotator~.cpp in Sources */,
				5965D680190182DC00ECA8D2 /* wavPlayer~.cpp in Sources */,
				5965D6881901869500ECA8D2 /* AmbisonicReverb~.cpp in Sources */,
			);
			runOnlyForDeploymentPostprocessing = 0;
		};
		59E5F729189449BC00731CBE /* Sources */ = {
			isa = PBXSourcesBuildPhase;
			buildActionMask = 2147483647;
			files = (
				5917A620189AC2AF00047F39 /* AmbisonicUtility.cpp in Sources */,
				59B07AA018D6E06600288B59 /* AudioInternals.cpp in Sources */,
				593EA73B18ED6F2000F909F9 /* AmbisonicReverb.cpp in Sources */,
				5965D605190172AC00ECA8D2 /* GrandMaster.cpp in Sources */,
				5965D61D1901826B00ECA8D2 /* AmbisonicRotation.cpp in Sources */,
				5965D645190182DC00ECA8D2 /* binaural~.cpp in Sources */,
				5965D653190182DC00ECA8D2 /* decoder~.cpp in Sources */,
				5965D65A190182DC00ECA8D2 /* encoder~.cpp in Sources */,
				5965D661190182DC00ECA8D2 /* Library~.cpp in Sources */,
				5965D668190182DC00ECA8D2 /* libStat.cpp in Sources */,
				5965D676190182DC00ECA8D2 /* rotator~.cpp in Sources */,
				5965D67D190182DC00ECA8D2 /* wavPlayer~.cpp in Sources */,
				5965D6851901869500ECA8D2 /* AmbisonicReverb~.cpp in Sources */,
			);
			runOnlyForDeploymentPostprocessing = 0;
		};
/* End PBXSourcesBuildPhase section */

/* Begin XCBuildConfiguration section */
		592EB454189655750058600A /* Debug */ = {
			isa = XCBuildConfiguration;
			buildSettings = {
				ARCHS = "$(ARCHS_STANDARD_32_BIT)";
				EXECUTABLE_EXTENSION = pd_darwin;
				EXECUTABLE_PREFIX = "";
				GCC_VERSION = com.apple.compilers.llvm.clang.1_0;
				LD_DYLIB_INSTALL_NAME = "";
				OTHER_LDFLAGS = (
					"-undefined",
					dynamic_lookup,
				);
				PRODUCT_NAME = "binaural~";
			};
			name = Debug;
		};
		592EB455189655750058600A /* Release */ = {
			isa = XCBuildConfiguration;
			buildSettings = {
				ARCHS = "$(ARCHS_STANDARD_32_BIT)";
				EXECUTABLE_EXTENSION = pd_darwin;
				EXECUTABLE_PREFIX = "";
				GCC_VERSION = com.apple.compilers.llvm.clang.1_0;
				LD_DYLIB_INSTALL_NAME = "";
				OTHER_LDFLAGS = (
					"-undefined",
					dynamic_lookup,
				);
				PRODUCT_NAME = "binaural~";
			};
			name = Release;
		};
		5938487318D7768A00267F32 /* Debug */ = {
			isa = XCBuildConfiguration;
			buildSettings = {
				ARCHS = "$(ARCHS_STANDARD_32_BIT)";
				EXECUTABLE_EXTENSION = pd_darwin;
				EXECUTABLE_PREFIX = "";
				GCC_VERSION = com.apple.compilers.llvm.clang.1_0;
				LD_DYLIB_INSTALL_NAME = "build/ambiToBinaural~.pd_darwin";
				OTHER_LDFLAGS = (
					"-undefined",
					dynamic_lookup,
				);
				PRODUCT_NAME = "ambiToBinaural~";
			};
			name = Debug;
		};
		5938487418D7768A00267F32 /* Release */ = {
			isa = XCBuildConfiguration;
			buildSettings = {
				ARCHS = "$(ARCHS_STANDARD_32_BIT)";
				EXECUTABLE_EXTENSION = pd_darwin;
				EXECUTABLE_PREFIX = "";
				GCC_VERSION = com.apple.compilers.llvm.clang.1_0;
				LD_DYLIB_INSTALL_NAME = "build/ambiToBinaural~.pd_darwin";
				OTHER_LDFLAGS = (
					"-undefined",
					dynamic_lookup,
				);
				PRODUCT_NAME = "ambiToBinaural~";
			};
			name = Release;
		};
		593EA75B18ED7BF900F909F9 /* Debug */ = {
			isa = XCBuildConfiguration;
			buildSettings = {
				ARCHS = "$(ARCHS_STANDARD_32_BIT)";
				EXECUTABLE_EXTENSION = pd_darwin;
				EXECUTABLE_PREFIX = "";
				GCC_VERSION = com.apple.compilers.llvm.clang.1_0;
				LD_DYLIB_INSTALL_NAME = "build/ambisonicReverb~.pd_darwin";
				OTHER_LDFLAGS = (
					"-undefined",
					dynamic_lookup,
				);
				PRODUCT_NAME = "ambisonicReverb~";
			};
			name = Debug;
		};
		593EA75C18ED7BF900F909F9 /* Release */ = {
			isa = XCBuildConfiguration;
			buildSettings = {
				ARCHS = "$(ARCHS_STANDARD_32_BIT)";
				EXECUTABLE_EXTENSION = pd_darwin;
				EXECUTABLE_PREFIX = "";
				GCC_VERSION = com.apple.compilers.llvm.clang.1_0;
				LD_DYLIB_INSTALL_NAME = "build/ambisonicReverb~.pd_darwin";
				OTHER_LDFLAGS = (
					"-undefined",
					dynamic_lookup,
				);
				PRODUCT_NAME = "ambisonicReverb~";
			};
			name = Release;
		};
		595DEE7518F58D5600E1B74A /* Debug */ = {
			isa = XCBuildConfiguration;
			buildSettings = {
				ARCHS = "$(ARCHS_STANDARD_32_BIT)";
				EXECUTABLE_EXTENSION = pd_darwin;
				EXECUTABLE_PREFIX = "";
				GCC_VERSION = com.apple.compilers.llvm.clang.1_0;
				LD_DYLIB_INSTALL_NAME = build/Library.pd_darwin;
				OTHER_LDFLAGS = (
					"-undefined",
					dynamic_lookup,
				);
				PRODUCT_NAME = Library;
			};
			name = Debug;
		};
		595DEE7618F58D5600E1B74A /* Release */ = {
			isa = XCBuildConfiguration;
			buildSettings = {
				ARCHS = "$(ARCHS_STANDARD_32_BIT)";
				EXECUTABLE_EXTENSION = pd_darwin;
				EXECUTABLE_PREFIX = "";
				GCC_VERSION = com.apple.compilers.llvm.clang.1_0;
				LD_DYLIB_INSTALL_NAME = build/Library.pd_darwin;
				OTHER_LDFLAGS = (
					"-undefined",
					dynamic_lookup,
				);
				PRODUCT_NAME = Library;
			};
			name = Release;
		};
		5985424B18957633006F67DD /* Debug */ = {
			isa = XCBuildConfiguration;
			buildSettings = {
				ARCHS = "$(ARCHS_STANDARD_32_BIT)";
				EXECUTABLE_EXTENSION = pd_darwin;
				EXECUTABLE_PREFIX = "";
				GCC_VERSION = com.apple.compilers.llvm.clang.1_0;
				LD_DYLIB_INSTALL_NAME = "";
				OTHER_LDFLAGS = (
					"-undefined",
					dynamic_lookup,
				);
				PRODUCT_NAME = "decoder~";
			};
			name = Debug;
		};
		5985424C18957633006F67DD /* Release */ = {
			isa = XCBuildConfiguration;
			buildSettings = {
				ARCHS = "$(ARCHS_STANDARD_32_BIT)";
				EXECUTABLE_EXTENSION = pd_darwin;
				EXECUTABLE_PREFIX = "";
				GCC_VERSION = com.apple.compilers.llvm.clang.1_0;
				LD_DYLIB_INSTALL_NAME = "";
				OTHER_LDFLAGS = (
					"-undefined",
					dynamic_lookup,
				);
				PRODUCT_NAME = "decoder~";
			};
			name = Release;
		};
		59DA84FB189BA228007699EC /* Debug */ = {
			isa = XCBuildConfiguration;
			buildSettings = {
				ARCHS = "$(ARCHS_STANDARD_32_BIT)";
				EXECUTABLE_EXTENSION = pd_darwin;
				EXECUTABLE_PREFIX = "";
				GCC_VERSION = com.apple.compilers.llvm.clang.1_0;
				LD_DYLIB_INSTALL_NAME = "";
				OTHER_LDFLAGS = (
					"-undefined",
					dynamic_lookup,
				);
				PRODUCT_NAME = "wavPlayer~";
			};
			name = Debug;
		};
		59DA84FC189BA228007699EC /* Release */ = {
			isa = XCBuildConfiguration;
			buildSettings = {
				ARCHS = "$(ARCHS_STANDARD_32_BIT)";
				EXECUTABLE_EXTENSION = pd_darwin;
				EXECUTABLE_PREFIX = "";
				GCC_VERSION = com.apple.compilers.llvm.clang.1_0;
				LD_DYLIB_INSTALL_NAME = "";
				OTHER_LDFLAGS = (
					"-undefined",
					dynamic_lookup,
				);
				PRODUCT_NAME = "wavPlayer~";
			};
			name = Release;
		};
		59E5F72F189449BC00731CBE /* Debug */ = {
			isa = XCBuildConfiguration;
			buildSettings = {
				ALWAYS_SEARCH_USER_PATHS = NO;
				ARCHS = "$(ARCHS_STANDARD_32_BIT)";
				CLANG_CXX_LANGUAGE_STANDARD = "gnu++0x";
				CLANG_CXX_LIBRARY = "libc++";
				CLANG_WARN_CONSTANT_CONVERSION = YES;
				CLANG_WARN_EMPTY_BODY = YES;
				CLANG_WARN_ENUM_CONVERSION = YES;
				CLANG_WARN_INT_CONVERSION = YES;
				CLANG_WARN__DUPLICATE_METHOD_MATCH = YES;
				COPY_PHASE_STRIP = NO;
				GCC_C_LANGUAGE_STANDARD = gnu99;
				GCC_DYNAMIC_NO_PIC = NO;
				GCC_ENABLE_OBJC_EXCEPTIONS = YES;
				GCC_OPTIMIZATION_LEVEL = 0;
				GCC_PREPROCESSOR_DEFINITIONS = (
					"DEBUG=1",
					"$(inherited)",
				);
				GCC_SYMBOLS_PRIVATE_EXTERN = NO;
				GCC_WARN_64_TO_32_BIT_CONVERSION = YES;
				GCC_WARN_ABOUT_RETURN_TYPE = YES;
				GCC_WARN_UNINITIALIZED_AUTOS = YES;
				GCC_WARN_UNUSED_VARIABLE = YES;
				MACOSX_DEPLOYMENT_TARGET = 10.8;
				ONLY_ACTIVE_ARCH = YES;
				SDKROOT = macosx;
			};
			name = Debug;
		};
		59E5F730189449BC00731CBE /* Release */ = {
			isa = XCBuildConfiguration;
			buildSettings = {
				ALWAYS_SEARCH_USER_PATHS = NO;
				ARCHS = "$(ARCHS_STANDARD_32_BIT)";
				CLANG_CXX_LANGUAGE_STANDARD = "gnu++0x";
				CLANG_CXX_LIBRARY = "libc++";
				CLANG_WARN_CONSTANT_CONVERSION = YES;
				CLANG_WARN_EMPTY_BODY = YES;
				CLANG_WARN_ENUM_CONVERSION = YES;
				CLANG_WARN_INT_CONVERSION = YES;
				CLANG_WARN__DUPLICATE_METHOD_MATCH = YES;
				COPY_PHASE_STRIP = YES;
				DEBUG_INFORMATION_FORMAT = "dwarf-with-dsym";
				GCC_C_LANGUAGE_STANDARD = gnu99;
				GCC_ENABLE_OBJC_EXCEPTIONS = YES;
				GCC_WARN_64_TO_32_BIT_CONVERSION = YES;
				GCC_WARN_ABOUT_RETURN_TYPE = YES;
				GCC_WARN_UNINITIALIZED_AUTOS = YES;
				GCC_WARN_UNUSED_VARIABLE = YES;
				MACOSX_DEPLOYMENT_TARGET = 10.8;
				SDKROOT = macosx;
			};
			name = Release;
		};
		59E5F732189449BC00731CBE /* Debug */ = {
			isa = XCBuildConfiguration;
			buildSettings = {
				ARCHS = "$(ARCHS_STANDARD_32_BIT)";
				EXECUTABLE_EXTENSION = pd_darwin;
				EXECUTABLE_PREFIX = "";
				GCC_VERSION = com.apple.compilers.llvm.clang.1_0;
				LD_DYLIB_INSTALL_NAME = "build/encoder~.pd_darwin";
				OTHER_LDFLAGS = (
					"-undefined",
					dynamic_lookup,
				);
				PRODUCT_NAME = "encoder~";
			};
			name = Debug;
		};
		59E5F733189449BC00731CBE /* Release */ = {
			isa = XCBuildConfiguration;
			buildSettings = {
				ARCHS = "$(ARCHS_STANDARD_32_BIT)";
				EXECUTABLE_EXTENSION = pd_darwin;
				EXECUTABLE_PREFIX = "";
				GCC_VERSION = com.apple.compilers.llvm.clang.1_0;
				LD_DYLIB_INSTALL_NAME = "build/encoder~.pd_darwin";
				OTHER_LDFLAGS = (
					"-undefined",
					dynamic_lookup,
				);
				PRODUCT_NAME = "encoder~";
			};
			name = Release;
		};
/* End XCBuildConfiguration section */

/* Begin XCConfigurationList section */
		592EB453189655750058600A /* Build configuration list for PBXNativeTarget "binaural~" */ = {
			isa = XCConfigurationList;
			buildConfigurations = (
				592EB454189655750058600A /* Debug */,
				592EB455189655750058600A /* Release */,
			);
			defaultConfigurationIsVisible = 0;
			defaultConfigurationName = Release;
		};
		5938487218D7768A00267F32 /* Build configuration list for PBXNativeTarget "ambiToBinaural~" */ = {
			isa = XCConfigurationList;
			buildConfigurations = (
				5938487318D7768A00267F32 /* Debug */,
				5938487418D7768A00267F32 /* Release */,
			);
			defaultConfigurationIsVisible = 0;
			defaultConfigurationName = Release;
		};
		593EA75A18ED7BF900F909F9 /* Build configuration list for PBXNativeTarget "ambisonicReverb~" */ = {
			isa = XCConfigurationList;
			buildConfigurations = (
				593EA75B18ED7BF900F909F9 /* Debug */,
				593EA75C18ED7BF900F909F9 /* Release */,
			);
			defaultConfigurationIsVisible = 0;
			defaultConfigurationName = Release;
		};
		595DEE7418F58D5600E1B74A /* Build configuration list for PBXNativeTarget "Library" */ = {
			isa = XCConfigurationList;
			buildConfigurations = (
				595DEE7518F58D5600E1B74A /* Debug */,
				595DEE7618F58D5600E1B74A /* Release */,
			);
			defaultConfigurationIsVisible = 0;
			defaultConfigurationName = Release;
		};
		5985424A18957633006F67DD /* Build configuration list for PBXNativeTarget "decoder~" */ = {
			isa = XCConfigurationList;
			buildConfigurations = (
				5985424B18957633006F67DD /* Debug */,
				5985424C18957633006F67DD /* Release */,
			);
			defaultConfigurationIsVisible = 0;
			defaultConfigurationName = Release;
		};
		59DA84FA189BA228007699EC /* Build configuration list for PBXNativeTarget "wavPlayer~" */ = {
			isa = XCConfigurationList;
			buildConfigurations = (
				59DA84FB189BA228007699EC /* Debug */,
				59DA84FC189BA228007699EC /* Release */,
			);
			defaultConfigurationIsVisible = 0;
			defaultConfigurationName = Release;
		};
		59E5F728189449BC00731CBE /* Build configuration list for PBXProject "audioLib" */ = {
			isa = XCConfigurationList;
			buildConfigurations = (
				59E5F72F189449BC00731CBE /* Debug */,
				59E5F730189449BC00731CBE /* Release */,
			);
			defaultConfigurationIsVisible = 0;
			defaultConfigurationName = Release;
		};
		59E5F731189449BC00731CBE /* Build configuration list for PBXNativeTarget "encoder~" */ = {
			isa = XCConfigurationList;
			buildConfigurations = (
				59E5F732189449BC00731CBE /* Debug */,
				59E5F733189449BC00731CBE /* Release */,
			);
			defaultConfigurationIsVisible = 0;
			defaultConfigurationName = Release;
		};
/* End XCConfigurationList section */
	};
	rootObject = 59E5F725189449BC00731CBE /* Project object */;
}
